
Microsoft Visual Studio Solution File, Format Version 12.00
Project("{FAE04EC0-301F-11D3-BF4B-00C04F79EFBC}") = "SportsTeamManagementSystem", "SportsTeamManagementSystem\SportsTeamManagementSystem.csproj", "{6732B52A-18CF-4343-B326-2662D6EBE1FC}"
EndProject
Global
	GlobalSection(SolutionConfigurationPlatforms) = preSolution
		Debug|Any CPU = Debug|Any CPU
		Release|Any CPU = Release|Any CPU
	EndGlobalSection
	GlobalSection(ProjectConfigurationPlatforms) = postSolution
		{6732B52A-18CF-4343-B326-2662D6EBE1FC}.Debug|Any CPU.ActiveCfg = Debug|Any CPU
		{6732B52A-18CF-4343-B326-2662D6EBE1FC}.Debug|Any CPU.Build.0 = Debug|Any CPU
		{6732B52A-18CF-4343-B326-2662D6EBE1FC}.Release|Any CPU.ActiveCfg = Release|Any CPU
		{6732B52A-18CF-4343-B326-2662D6EBE1FC}.Release|Any CPU.Build.0 = Release|Any CPU
	EndGlobalSection
EndGlobal
